<Solution>
  <Project Path="Xmsg.Protocol.Tests/Xmsg.Protocol.Tests.csproj" />
  <Project Path="Xmsg.Protocol/Xmsg.Protocol.csproj" />
  <Project Path="Xmsg.Hdlc/Xmsg.Hdlc.csproj" />
  <Project Path="Xmsg.Diagnostics/Xmsg.Diagnostics.csproj" />
  <Project Path="Xmsg.Node/Xmsg.Node.csproj" />
  <Project Path="Xmsg.Ndfs.Tests/Xmsg.Ndfs.Tests.csproj" />
  <Project Path="Xmsg.Ndfs/Xmsg.Ndfs.csproj" />
  <Project Path="Xmsg.Node.Tests/Xmsg.Node.Tests.csproj" />
  <Project Path="Xmsg.Servers/Xmsg.Servers.csproj" />
  <Project Path="Xmsg.Live/Xmsg.Live.csproj" />
  <Project Path="Xmsg.Live.Tests/Xmsg.Live.Tests.csproj" />
  <Project Path="Xmsg.Api/Xmsg.Api.csproj" />
  <Project Path="Xmsg.Api.Tests/Xmsg.Api.Tests.csproj" />
  <Project Path="Xmsg.Api.Node/Xmsg.Api.Node.csproj" />
  <Project Path="../../../../RetroFS/src/RetroFS.Core/RetroFS.Core.csproj" />
  <Project Path="../../../../RetroFS/src/RetroFS.Local/RetroFS.Local.csproj" />
  <Project Path="../../../../RetroFS/src/RetroFS.NDFS/RetroFS.NDFS.csproj" />
  <Project Path="../../../../RetroFS/src/RetroFS.Utilities/RetroFS.Utilities.csproj" />
  <Project Path="Xmsg.Api.Node.Tests/Xmsg.Api.Node.Tests.csproj" />
  <Project Path="Xmsg.Chat/Xmsg.Chat.csproj" />
  <Project Path="Xmsg.Chat.Tests/Xmsg.Chat.Tests.csproj" />
  <Project Path="Xmsg.Ethernet/Xmsg.Ethernet.csproj" />
  <Project Path="Xmsg.Ethernet.Tests/Xmsg.Ethernet.Tests.csproj" />
</Solution>
