# Monitor Call: 10B WriteBlock
# Extracted from: ND-860228.2 EN (SINTRAN III Monitor Calls)
# Source line: 25698

octal: 10B
name: WriteBlock
short_names:
- WPAGE
description: 'Writes randomly to a file. You write one block at a time. The file must be opened for random
  write access.


  - The standard block size is 512 bytes. You can change this with SetBlockSize. The first block is number
  0.'
parameters: []
examples: {}
compatibility:
  nd100: true
  nd500: true
  user_programs: true
  rt_programs: true
  system_programs: false
source:
  document: ND-860228.2 EN
  page_references: []
extraction:
  ocr_corrected: true
  ocr_notes: Extracted from line 25698 - was missing in initial extraction
